
Microsoft Visual Studio Solution File, Format Version 12.00
# Visual Studio Version 16
VisualStudioVersion = 16.0.30225.117
MinimumVisualStudioVersion = 10.0.40219.1
Project("{FAE04EC0-301F-11D3-BF4B-00C04F79EFBC}") = "Decorator", "Decorator.csproj", "{3D0C24B9-23CD-418D-8569-3B14BA1188F0}"
EndProject
Global
	GlobalSection(SolutionConfigurationPlatforms) = preSolution
		Debug|Any CPU = Debug|Any CPU
		Release|Any CPU = Release|Any CPU
	EndGlobalSection
	GlobalSection(ProjectConfigurationPlatforms) = postSolution
		{3D0C24B9-23CD-418D-8569-3B14BA1188F0}.Debug|Any CPU.ActiveCfg = Debug|Any CPU
		{3D0C24B9-23CD-418D-8569-3B14BA1188F0}.Debug|Any CPU.Build.0 = Debug|Any CPU
		{3D0C24B9-23CD-418D-8569-3B14BA1188F0}.Release|Any CPU.ActiveCfg = Release|Any CPU
		{3D0C24B9-23CD-418D-8569-3B14BA1188F0}.Release|Any CPU.Build.0 = Release|Any CPU
	EndGlobalSection
	GlobalSection(SolutionProperties) = preSolution
		HideSolutionNode = FALSE
	EndGlobalSection
	GlobalSection(ExtensibilityGlobals) = postSolution
		SolutionGuid = {C2C37FAE-EF3E-4CD5-9628-931A15DD0324}
	EndGlobalSection
EndGlobal
